// !$*UTF8*$!
{
	archiveVersion = 1;
	classes = {
	};
	objectVersion = 50;
	objects = {

/* Begin PBXBuildFile section */
		83BA314EFD4E4D4449DD4927 /* libPods-school.a in Frameworks */ = {isa = PBXBuildFile; fileRef = 027B7F1D319B1693B16520AF /* libPods-school.a */; };
		A67EECB1210ACF9D0033B250 /* AppDelegate.m in Sources */ = {isa = PBXBuildFile; fileRef = A67EECB0210ACF9D0033B250 /* AppDelegate.m */; };
		A67EECB9210ACF9F0033B250 /* Assets.xcassets in Resources */ = {isa = PBXBuildFile; fileRef = A67EECB8210ACF9F0033B250 /* Assets.xcassets */; };
		A67EECBC210ACF9F0033B250 /* LaunchScreen.storyboard in Resources */ = {isa = PBXBuildFile; fileRef = A67EECBA210ACF9F0033B250 /* LaunchScreen.storyboard */; };
		A67EECBF210ACF9F0033B250 /* main.m in Sources */ = {isa = PBXBuildFile; fileRef = A67EECBE210ACF9F0033B250 /* main.m */; };
		A67EECC9210ACF9F0033B250 /* schoolTests.m in Sources */ = {isa = PBXBuildFile; fileRef = A67EECC8210ACF9F0033B250 /* schoolTests.m */; };
		A67EECD4210ACF9F0033B250 /* schoolUITests.m in Sources */ = {isa = PBXBuildFile; fileRef = A67EECD3210ACF9F0033B250 /* schoolUITests.m */; };
		A67EECE5210AD35F0033B250 /* AppDelegate+SFRegister.m in Sources */ = {isa = PBXBuildFile; fileRef = A67EECE4210AD35F0033B250 /* AppDelegate+SFRegister.m */; };
		A67EECE8210AD36A0033B250 /* AppDelegate+SFSetup.m in Sources */ = {isa = PBXBuildFile; fileRef = A67EECE7210AD36A0033B250 /* AppDelegate+SFSetup.m */; };
		A67EECEB210AD37E0033B250 /* AppDelegate+SFNotify.m in Sources */ = {isa = PBXBuildFile; fileRef = A67EECEA210AD37E0033B250 /* AppDelegate+SFNotify.m */; };
		A67EECF3210AD4E70033B250 /* SFHttp.m in Sources */ = {isa = PBXBuildFile; fileRef = A67EECF2210AD4E70033B250 /* SFHttp.m */; };
		A67EECF6210AD5390033B250 /* SFHttpBaseService.m in Sources */ = {isa = PBXBuildFile; fileRef = A67EECF5210AD5390033B250 /* SFHttpBaseService.m */; };
		A67EECF9210AD7470033B250 /* SFHttpService.m in Sources */ = {isa = PBXBuildFile; fileRef = A67EECF8210AD7470033B250 /* SFHttpService.m */; };
		A67EECFC210AD94A0033B250 /* server-info.plist in Resources */ = {isa = PBXBuildFile; fileRef = A67EECFB210AD94A0033B250 /* server-info.plist */; };
		A67EECFF210AD9BD0033B250 /* SFServer.m in Sources */ = {isa = PBXBuildFile; fileRef = A67EECFE210AD9BD0033B250 /* SFServer.m */; };
		A67EED01210ADAAE0033B250 /* CHECK_ME in Resources */ = {isa = PBXBuildFile; fileRef = A67EED00210ADAAE0033B250 /* CHECK_ME */; };
		A67EED05210ADBF80033B250 /* en.strings in Resources */ = {isa = PBXBuildFile; fileRef = A67EED04210ADBF80033B250 /* en.strings */; };
		A67EED07210ADC080033B250 /* zh-Hans.strings in Resources */ = {isa = PBXBuildFile; fileRef = A67EED06210ADC080033B250 /* zh-Hans.strings */; };
		A67EED0C210ADC440033B250 /* InfoPlist.strings in Resources */ = {isa = PBXBuildFile; fileRef = A67EED0E210ADC440033B250 /* InfoPlist.strings */; };
		A67EED12210ADC680033B250 /* SFLocalization.m in Sources */ = {isa = PBXBuildFile; fileRef = A67EED11210ADC680033B250 /* SFLocalization.m */; };
		A67EED16210ADCE70033B250 /* SFUser.m in Sources */ = {isa = PBXBuildFile; fileRef = A67EED15210ADCE70033B250 /* SFUser.m */; };
		A67EED1B210AEB740033B250 /* SFBaseViewController.m in Sources */ = {isa = PBXBuildFile; fileRef = A67EED1A210AEB740033B250 /* SFBaseViewController.m */; };
		A67EED1E210AEB880033B250 /* SFBaseNavigationController.m in Sources */ = {isa = PBXBuildFile; fileRef = A67EED1D210AEB880033B250 /* SFBaseNavigationController.m */; };
		A67EED22210AEBCB0033B250 /* SFTableView.m in Sources */ = {isa = PBXBuildFile; fileRef = A67EED21210AEBCB0033B250 /* SFTableView.m */; };
		A67EED25210AEBE60033B250 /* SFTableViewCell.m in Sources */ = {isa = PBXBuildFile; fileRef = A67EED24210AEBE60033B250 /* SFTableViewCell.m */; };
		A67EED28210AEC180033B250 /* SFBarButtonItem.m in Sources */ = {isa = PBXBuildFile; fileRef = A67EED27210AEC180033B250 /* SFBarButtonItem.m */; };
		A67EED2C210AEDEB0033B250 /* SFTabBarController.m in Sources */ = {isa = PBXBuildFile; fileRef = A67EED2B210AEDEB0033B250 /* SFTabBarController.m */; };
		A67EED31210AEF200033B250 /* SFHomeViewController.m in Sources */ = {isa = PBXBuildFile; fileRef = A67EED30210AEF200033B250 /* SFHomeViewController.m */; };
		A67EED34210AEF2B0033B250 /* SFMineViewController.m in Sources */ = {isa = PBXBuildFile; fileRef = A67EED33210AEF2B0033B250 /* SFMineViewController.m */; };
		A67EED37210AF1350033B250 /* SFNavigationController.m in Sources */ = {isa = PBXBuildFile; fileRef = A67EED36210AF1350033B250 /* SFNavigationController.m */; };
		A67EED3B210AF2460033B250 /* SFAppManager.m in Sources */ = {isa = PBXBuildFile; fileRef = A67EED3A210AF2460033B250 /* SFAppManager.m */; };
		A67EED40210AF4010033B250 /* SFCommon.m in Sources */ = {isa = PBXBuildFile; fileRef = A67EED3F210AF4010033B250 /* SFCommon.m */; };
		A67EED43210AF4500033B250 /* SFPath.m in Sources */ = {isa = PBXBuildFile; fileRef = A67EED42210AF4500033B250 /* SFPath.m */; };
		A67EED46210AF8290033B250 /* SFNotice.m in Sources */ = {isa = PBXBuildFile; fileRef = A67EED45210AF8290033B250 /* SFNotice.m */; };
		A6D6DCB0210F0C5E005CBBBA /* SFSelectSchoolTypeViewController.m in Sources */ = {isa = PBXBuildFile; fileRef = A6D6DCAF210F0C5E005CBBBA /* SFSelectSchoolTypeViewController.m */; };
		A6D6DCB3210F0C69005CBBBA /* SFSelectSchoolViewController.m in Sources */ = {isa = PBXBuildFile; fileRef = A6D6DCB2210F0C69005CBBBA /* SFSelectSchoolViewController.m */; };
		A6D6DCB7210F0E1E005CBBBA /* SFHttpApiGetSchoolType.m in Sources */ = {isa = PBXBuildFile; fileRef = A6D6DCB6210F0E1E005CBBBA /* SFHttpApiGetSchoolType.m */; };
		A6D6DCBA210F0F95005CBBBA /* SFHttpApiGetSchool.m in Sources */ = {isa = PBXBuildFile; fileRef = A6D6DCB9210F0F95005CBBBA /* SFHttpApiGetSchool.m */; };
		A6D6DCBD210F1F0B005CBBBA /* SFMineHeadView.m in Sources */ = {isa = PBXBuildFile; fileRef = A6D6DCBC210F1F0B005CBBBA /* SFMineHeadView.m */; };
		A6D6DCC0210F246D005CBBBA /* SFMineSettingViewController.m in Sources */ = {isa = PBXBuildFile; fileRef = A6D6DCBF210F246D005CBBBA /* SFMineSettingViewController.m */; };
		A6D6DCC4210F2584005CBBBA /* SFLoginViewController.m in Sources */ = {isa = PBXBuildFile; fileRef = A6D6DCC3210F2584005CBBBA /* SFLoginViewController.m */; };
		A6D6DCC7210F296F005CBBBA /* SFHttpApiGetHome.m in Sources */ = {isa = PBXBuildFile; fileRef = A6D6DCC6210F296F005CBBBA /* SFHttpApiGetHome.m */; };
/* End PBXBuildFile section */

/* Begin PBXContainerItemProxy section */
		A67EECC5210ACF9F0033B250 /* PBXContainerItemProxy */ = {
			isa = PBXContainerItemProxy;
			containerPortal = A67EECA4210ACF9D0033B250 /* Project object */;
			proxyType = 1;
			remoteGlobalIDString = A67EECAB210ACF9D0033B250;
			remoteInfo = school;
		};
		A67EECD0210ACF9F0033B250 /* PBXContainerItemProxy */ = {
			isa = PBXContainerItemProxy;
			containerPortal = A67EECA4210ACF9D0033B250 /* Project object */;
			proxyType = 1;
			remoteGlobalIDString = A67EECAB210ACF9D0033B250;
			remoteInfo = school;
		};
/* End PBXContainerItemProxy section */

/* Begin PBXFileReference section */
		027B7F1D319B1693B16520AF /* libPods-school.a */ = {isa = PBXFileReference; explicitFileType = archive.ar; includeInIndex = 0; path = "libPods-school.a"; sourceTree = BUILT_PRODUCTS_DIR; };
		64165E69688A696D3E02C12A /* Pods-school.release.xcconfig */ = {isa = PBXFileReference; includeInIndex = 1; lastKnownFileType = text.xcconfig; name = "Pods-school.release.xcconfig"; path = "Pods/Target Support Files/Pods-school/Pods-school.release.xcconfig"; sourceTree = "<group>"; };
		8445B65C2FB0E79EFC188BED /* Pods-school.debug.xcconfig */ = {isa = PBXFileReference; includeInIndex = 1; lastKnownFileType = text.xcconfig; name = "Pods-school.debug.xcconfig"; path = "Pods/Target Support Files/Pods-school/Pods-school.debug.xcconfig"; sourceTree = "<group>"; };
		A67EECAC210ACF9D0033B250 /* school.app */ = {isa = PBXFileReference; explicitFileType = wrapper.application; includeInIndex = 0; path = school.app; sourceTree = BUILT_PRODUCTS_DIR; };
		A67EECAF210ACF9D0033B250 /* AppDelegate.h */ = {isa = PBXFileReference; lastKnownFileType = sourcecode.c.h; path = AppDelegate.h; sourceTree = "<group>"; };
		A67EECB0210ACF9D0033B250 /* AppDelegate.m */ = {isa = PBXFileReference; lastKnownFileType = sourcecode.c.objc; path = AppDelegate.m; sourceTree = "<group>"; };
		A67EECB8210ACF9F0033B250 /* Assets.xcassets */ = {isa = PBXFileReference; lastKnownFileType = folder.assetcatalog; path = Assets.xcassets; sourceTree = "<group>"; };
		A67EECBB210ACF9F0033B250 /* Base */ = {isa = PBXFileReference; lastKnownFileType = file.storyboard; name = Base; path = Base.lproj/LaunchScreen.storyboard; sourceTree = "<group>"; };
		A67EECBD210ACF9F0033B250 /* Info.plist */ = {isa = PBXFileReference; lastKnownFileType = text.plist.xml; path = Info.plist; sourceTree = "<group>"; };
		A67EECBE210ACF9F0033B250 /* main.m */ = {isa = PBXFileReference; lastKnownFileType = sourcecode.c.objc; path = main.m; sourceTree = "<group>"; };
		A67EECC4210ACF9F0033B250 /* schoolTests.xctest */ = {isa = PBXFileReference; explicitFileType = wrapper.cfbundle; includeInIndex = 0; path = schoolTests.xctest; sourceTree = BUILT_PRODUCTS_DIR; };
		A67EECC8210ACF9F0033B250 /* schoolTests.m */ = {isa = PBXFileReference; lastKnownFileType = sourcecode.c.objc; path = schoolTests.m; sourceTree = "<group>"; };
		A67EECCA210ACF9F0033B250 /* Info.plist */ = {isa = PBXFileReference; lastKnownFileType = text.plist.xml; path = Info.plist; sourceTree = "<group>"; };
		A67EECCF210ACF9F0033B250 /* schoolUITests.xctest */ = {isa = PBXFileReference; explicitFileType = wrapper.cfbundle; includeInIndex = 0; path = schoolUITests.xctest; sourceTree = BUILT_PRODUCTS_DIR; };
		A67EECD3210ACF9F0033B250 /* schoolUITests.m */ = {isa = PBXFileReference; lastKnownFileType = sourcecode.c.objc; path = schoolUITests.m; sourceTree = "<group>"; };
		A67EECD5210ACF9F0033B250 /* Info.plist */ = {isa = PBXFileReference; lastKnownFileType = text.plist.xml; path = Info.plist; sourceTree = "<group>"; };
		A67EECE1210AD2EF0033B250 /* PrefixHeader.pch */ = {isa = PBXFileReference; lastKnownFileType = sourcecode.c.h; path = PrefixHeader.pch; sourceTree = "<group>"; };
		A67EECE3210AD35F0033B250 /* AppDelegate+SFRegister.h */ = {isa = PBXFileReference; lastKnownFileType = sourcecode.c.h; path = "AppDelegate+SFRegister.h"; sourceTree = "<group>"; };
		A67EECE4210AD35F0033B250 /* AppDelegate+SFRegister.m */ = {isa = PBXFileReference; lastKnownFileType = sourcecode.c.objc; path = "AppDelegate+SFRegister.m"; sourceTree = "<group>"; };
		A67EECE6210AD36A0033B250 /* AppDelegate+SFSetup.h */ = {isa = PBXFileReference; lastKnownFileType = sourcecode.c.h; path = "AppDelegate+SFSetup.h"; sourceTree = "<group>"; };
		A67EECE7210AD36A0033B250 /* AppDelegate+SFSetup.m */ = {isa = PBXFileReference; lastKnownFileType = sourcecode.c.objc; path = "AppDelegate+SFSetup.m"; sourceTree = "<group>"; };
		A67EECE9210AD37E0033B250 /* AppDelegate+SFNotify.h */ = {isa = PBXFileReference; lastKnownFileType = sourcecode.c.h; path = "AppDelegate+SFNotify.h"; sourceTree = "<group>"; };
		A67EECEA210AD37E0033B250 /* AppDelegate+SFNotify.m */ = {isa = PBXFileReference; lastKnownFileType = sourcecode.c.objc; path = "AppDelegate+SFNotify.m"; sourceTree = "<group>"; };
		A67EECEC210AD48B0033B250 /* zh-Hans */ = {isa = PBXFileReference; lastKnownFileType = text.plist.strings; name = "zh-Hans"; path = "zh-Hans.lproj/LaunchScreen.strings"; sourceTree = "<group>"; };
		A67EECEE210AD49B0033B250 /* en */ = {isa = PBXFileReference; lastKnownFileType = text.plist.strings; name = en; path = en.lproj/LaunchScreen.strings; sourceTree = "<group>"; };
		A67EECF1210AD4E70033B250 /* SFHttp.h */ = {isa = PBXFileReference; lastKnownFileType = sourcecode.c.h; path = SFHttp.h; sourceTree = "<group>"; };
		A67EECF2210AD4E70033B250 /* SFHttp.m */ = {isa = PBXFileReference; lastKnownFileType = sourcecode.c.objc; path = SFHttp.m; sourceTree = "<group>"; };
		A67EECF4210AD5390033B250 /* SFHttpBaseService.h */ = {isa = PBXFileReference; lastKnownFileType = sourcecode.c.h; path = SFHttpBaseService.h; sourceTree = "<group>"; };
		A67EECF5210AD5390033B250 /* SFHttpBaseService.m */ = {isa = PBXFileReference; lastKnownFileType = sourcecode.c.objc; path = SFHttpBaseService.m; sourceTree = "<group>"; };
		A67EECF7210AD7470033B250 /* SFHttpService.h */ = {isa = PBXFileReference; lastKnownFileType = sourcecode.c.h; path = SFHttpService.h; sourceTree = "<group>"; };
		A67EECF8210AD7470033B250 /* SFHttpService.m */ = {isa = PBXFileReference; lastKnownFileType = sourcecode.c.objc; path = SFHttpService.m; sourceTree = "<group>"; };
		A67EECFB210AD94A0033B250 /* server-info.plist */ = {isa = PBXFileReference; lastKnownFileType = text.plist.xml; path = "server-info.plist"; sourceTree = "<group>"; };
		A67EECFD210AD9BD0033B250 /* SFServer.h */ = {isa = PBXFileReference; lastKnownFileType = sourcecode.c.h; path = SFServer.h; sourceTree = "<group>"; };
		A67EECFE210AD9BD0033B250 /* SFServer.m */ = {isa = PBXFileReference; lastKnownFileType = sourcecode.c.objc; path = SFServer.m; sourceTree = "<group>"; };
		A67EED00210ADAAE0033B250 /* CHECK_ME */ = {isa = PBXFileReference; lastKnownFileType = text; path = CHECK_ME; sourceTree = "<group>"; };
		A67EED04210ADBF80033B250 /* en.strings */ = {isa = PBXFileReference; lastKnownFileType = text.plist.strings; path = en.strings; sourceTree = "<group>"; };
		A67EED06210ADC080033B250 /* zh-Hans.strings */ = {isa = PBXFileReference; lastKnownFileType = text.plist.strings; path = "zh-Hans.strings"; sourceTree = "<group>"; };
		A67EED0D210ADC440033B250 /* en */ = {isa = PBXFileReference; lastKnownFileType = text.plist.strings; name = en; path = en.lproj/InfoPlist.strings; sourceTree = "<group>"; };
		A67EED0F210ADC460033B250 /* zh-Hans */ = {isa = PBXFileReference; lastKnownFileType = text.plist.strings; name = "zh-Hans"; path = "zh-Hans.lproj/InfoPlist.strings"; sourceTree = "<group>"; };
		A67EED10210ADC680033B250 /* SFLocalization.h */ = {isa = PBXFileReference; lastKnownFileType = sourcecode.c.h; path = SFLocalization.h; sourceTree = "<group>"; };
		A67EED11210ADC680033B250 /* SFLocalization.m */ = {isa = PBXFileReference; lastKnownFileType = sourcecode.c.objc; path = SFLocalization.m; sourceTree = "<group>"; };
		A67EED14210ADCE70033B250 /* SFUser.h */ = {isa = PBXFileReference; lastKnownFileType = sourcecode.c.h; path = SFUser.h; sourceTree = "<group>"; };
		A67EED15210ADCE70033B250 /* SFUser.m */ = {isa = PBXFileReference; lastKnownFileType = sourcecode.c.objc; path = SFUser.m; sourceTree = "<group>"; };
		A67EED19210AEB740033B250 /* SFBaseViewController.h */ = {isa = PBXFileReference; lastKnownFileType = sourcecode.c.h; path = SFBaseViewController.h; sourceTree = "<group>"; };
		A67EED1A210AEB740033B250 /* SFBaseViewController.m */ = {isa = PBXFileReference; lastKnownFileType = sourcecode.c.objc; path = SFBaseViewController.m; sourceTree = "<group>"; };
		A67EED1C210AEB880033B250 /* SFBaseNavigationController.h */ = {isa = PBXFileReference; lastKnownFileType = sourcecode.c.h; path = SFBaseNavigationController.h; sourceTree = "<group>"; };
		A67EED1D210AEB880033B250 /* SFBaseNavigationController.m */ = {isa = PBXFileReference; lastKnownFileType = sourcecode.c.objc; path = SFBaseNavigationController.m; sourceTree = "<group>"; };
		A67EED20210AEBCB0033B250 /* SFTableView.h */ = {isa = PBXFileReference; lastKnownFileType = sourcecode.c.h; path = SFTableView.h; sourceTree = "<group>"; };
		A67EED21210AEBCB0033B250 /* SFTableView.m */ = {isa = PBXFileReference; lastKnownFileType = sourcecode.c.objc; path = SFTableView.m; sourceTree = "<group>"; };
		A67EED23210AEBE60033B250 /* SFTableViewCell.h */ = {isa = PBXFileReference; lastKnownFileType = sourcecode.c.h; path = SFTableViewCell.h; sourceTree = "<group>"; };
		A67EED24210AEBE60033B250 /* SFTableViewCell.m */ = {isa = PBXFileReference; lastKnownFileType = sourcecode.c.objc; path = SFTableViewCell.m; sourceTree = "<group>"; };
		A67EED26210AEC180033B250 /* SFBarButtonItem.h */ = {isa = PBXFileReference; lastKnownFileType = sourcecode.c.h; path = SFBarButtonItem.h; sourceTree = "<group>"; };
		A67EED27210AEC180033B250 /* SFBarButtonItem.m */ = {isa = PBXFileReference; lastKnownFileType = sourcecode.c.objc; path = SFBarButtonItem.m; sourceTree = "<group>"; };
		A67EED2A210AEDEB0033B250 /* SFTabBarController.h */ = {isa = PBXFileReference; lastKnownFileType = sourcecode.c.h; path = SFTabBarController.h; sourceTree = "<group>"; };
		A67EED2B210AEDEB0033B250 /* SFTabBarController.m */ = {isa = PBXFileReference; lastKnownFileType = sourcecode.c.objc; path = SFTabBarController.m; sourceTree = "<group>"; };
		A67EED2F210AEF200033B250 /* SFHomeViewController.h */ = {isa = PBXFileReference; lastKnownFileType = sourcecode.c.h; path = SFHomeViewController.h; sourceTree = "<group>"; };
		A67EED30210AEF200033B250 /* SFHomeViewController.m */ = {isa = PBXFileReference; lastKnownFileType = sourcecode.c.objc; path = SFHomeViewController.m; sourceTree = "<group>"; };
		A67EED32210AEF2B0033B250 /* SFMineViewController.h */ = {isa = PBXFileReference; lastKnownFileType = sourcecode.c.h; path = SFMineViewController.h; sourceTree = "<group>"; };
		A67EED33210AEF2B0033B250 /* SFMineViewController.m */ = {isa = PBXFileReference; lastKnownFileType = sourcecode.c.objc; path = SFMineViewController.m; sourceTree = "<group>"; };
		A67EED35210AF1350033B250 /* SFNavigationController.h */ = {isa = PBXFileReference; lastKnownFileType = sourcecode.c.h; path = SFNavigationController.h; sourceTree = "<group>"; };
		A67EED36210AF1350033B250 /* SFNavigationController.m */ = {isa = PBXFileReference; lastKnownFileType = sourcecode.c.objc; path = SFNavigationController.m; sourceTree = "<group>"; };
		A67EED39210AF2460033B250 /* SFAppManager.h */ = {isa = PBXFileReference; lastKnownFileType = sourcecode.c.h; path = SFAppManager.h; sourceTree = "<group>"; };
		A67EED3A210AF2460033B250 /* SFAppManager.m */ = {isa = PBXFileReference; lastKnownFileType = sourcecode.c.objc; path = SFAppManager.m; sourceTree = "<group>"; };
		A67EED3E210AF4010033B250 /* SFCommon.h */ = {isa = PBXFileReference; lastKnownFileType = sourcecode.c.h; path = SFCommon.h; sourceTree = "<group>"; };
		A67EED3F210AF4010033B250 /* SFCommon.m */ = {isa = PBXFileReference; lastKnownFileType = sourcecode.c.objc; path = SFCommon.m; sourceTree = "<group>"; };
		A67EED41210AF4500033B250 /* SFPath.h */ = {isa = PBXFileReference; lastKnownFileType = sourcecode.c.h; path = SFPath.h; sourceTree = "<group>"; };
		A67EED42210AF4500033B250 /* SFPath.m */ = {isa = PBXFileReference; lastKnownFileType = sourcecode.c.objc; path = SFPath.m; sourceTree = "<group>"; };
		A67EED44210AF8290033B250 /* SFNotice.h */ = {isa = PBXFileReference; lastKnownFileType = sourcecode.c.h; path = SFNotice.h; sourceTree = "<group>"; };
		A67EED45210AF8290033B250 /* SFNotice.m */ = {isa = PBXFileReference; lastKnownFileType = sourcecode.c.objc; path = SFNotice.m; sourceTree = "<group>"; };
		A6D6DCAE210F0C5E005CBBBA /* SFSelectSchoolTypeViewController.h */ = {isa = PBXFileReference; lastKnownFileType = sourcecode.c.h; path = SFSelectSchoolTypeViewController.h; sourceTree = "<group>"; };
		A6D6DCAF210F0C5E005CBBBA /* SFSelectSchoolTypeViewController.m */ = {isa = PBXFileReference; lastKnownFileType = sourcecode.c.objc; path = SFSelectSchoolTypeViewController.m; sourceTree = "<group>"; };
		A6D6DCB1210F0C69005CBBBA /* SFSelectSchoolViewController.h */ = {isa = PBXFileReference; lastKnownFileType = sourcecode.c.h; path = SFSelectSchoolViewController.h; sourceTree = "<group>"; };
		A6D6DCB2210F0C69005CBBBA /* SFSelectSchoolViewController.m */ = {isa = PBXFileReference; lastKnownFileType = sourcecode.c.objc; path = SFSelectSchoolViewController.m; sourceTree = "<group>"; };
		A6D6DCB5210F0E1E005CBBBA /* SFHttpApiGetSchoolType.h */ = {isa = PBXFileReference; lastKnownFileType = sourcecode.c.h; path = SFHttpApiGetSchoolType.h; sourceTree = "<group>"; };
		A6D6DCB6210F0E1E005CBBBA /* SFHttpApiGetSchoolType.m */ = {isa = PBXFileReference; lastKnownFileType = sourcecode.c.objc; path = SFHttpApiGetSchoolType.m; sourceTree = "<group>"; };
		A6D6DCB8210F0F95005CBBBA /* SFHttpApiGetSchool.h */ = {isa = PBXFileReference; lastKnownFileType = sourcecode.c.h; path = SFHttpApiGetSchool.h; sourceTree = "<group>"; };
		A6D6DCB9210F0F95005CBBBA /* SFHttpApiGetSchool.m */ = {isa = PBXFileReference; lastKnownFileType = sourcecode.c.objc; path = SFHttpApiGetSchool.m; sourceTree = "<group>"; };
		A6D6DCBB210F1F0B005CBBBA /* SFMineHeadView.h */ = {isa = PBXFileReference; lastKnownFileType = sourcecode.c.h; path = SFMineHeadView.h; sourceTree = "<group>"; };
		A6D6DCBC210F1F0B005CBBBA /* SFMineHeadView.m */ = {isa = PBXFileReference; lastKnownFileType = sourcecode.c.objc; path = SFMineHeadView.m; sourceTree = "<group>"; };
		A6D6DCBE210F246D005CBBBA /* SFMineSettingViewController.h */ = {isa = PBXFileReference; lastKnownFileType = sourcecode.c.h; path = SFMineSettingViewController.h; sourceTree = "<group>"; };
		A6D6DCBF210F246D005CBBBA /* SFMineSettingViewController.m */ = {isa = PBXFileReference; lastKnownFileType = sourcecode.c.objc; path = SFMineSettingViewController.m; sourceTree = "<group>"; };
		A6D6DCC2210F2584005CBBBA /* SFLoginViewController.h */ = {isa = PBXFileReference; lastKnownFileType = sourcecode.c.h; path = SFLoginViewController.h; sourceTree = "<group>"; };
		A6D6DCC3210F2584005CBBBA /* SFLoginViewController.m */ = {isa = PBXFileReference; lastKnownFileType = sourcecode.c.objc; path = SFLoginViewController.m; sourceTree = "<group>"; };
		A6D6DCC5210F296F005CBBBA /* SFHttpApiGetHome.h */ = {isa = PBXFileReference; lastKnownFileType = sourcecode.c.h; path = SFHttpApiGetHome.h; sourceTree = "<group>"; };
		A6D6DCC6210F296F005CBBBA /* SFHttpApiGetHome.m */ = {isa = PBXFileReference; lastKnownFileType = sourcecode.c.objc; path = SFHttpApiGetHome.m; sourceTree = "<group>"; };
/* End PBXFileReference section */

/* Begin PBXFrameworksBuildPhase section */
		A67EECA9210ACF9D0033B250 /* Frameworks */ = {
			isa = PBXFrameworksBuildPhase;
			buildActionMask = 2147483647;
			files = (
				83BA314EFD4E4D4449DD4927 /* libPods-school.a in Frameworks */,
			);
			runOnlyForDeploymentPostprocessing = 0;
		};
		A67EECC1210ACF9F0033B250 /* Frameworks */ = {
			isa = PBXFrameworksBuildPhase;
			buildActionMask = 2147483647;
			files = (
			);
			runOnlyForDeploymentPostprocessing = 0;
		};
		A67EECCC210ACF9F0033B250 /* Frameworks */ = {
			isa = PBXFrameworksBuildPhase;
			buildActionMask = 2147483647;
			files = (
			);
			runOnlyForDeploymentPostprocessing = 0;
		};
/* End PBXFrameworksBuildPhase section */

/* Begin PBXGroup section */
		46256822E80DAB8ECAB3AB96 /* Pods */ = {
			isa = PBXGroup;
			children = (
				8445B65C2FB0E79EFC188BED /* Pods-school.debug.xcconfig */,
				64165E69688A696D3E02C12A /* Pods-school.release.xcconfig */,
			);
			name = Pods;
			sourceTree = "<group>";
		};
		5840887589AD9E479A6CB533 /* Frameworks */ = {
			isa = PBXGroup;
			children = (
				027B7F1D319B1693B16520AF /* libPods-school.a */,
			);
			name = Frameworks;
			sourceTree = "<group>";
		};
		A67EECA3210ACF9D0033B250 = {
			isa = PBXGroup;
			children = (
				A67EECAE210ACF9D0033B250 /* school */,
				A67EECC7210ACF9F0033B250 /* schoolTests */,
				A67EECD2210ACF9F0033B250 /* schoolUITests */,
				A67EECAD210ACF9D0033B250 /* Products */,
				46256822E80DAB8ECAB3AB96 /* Pods */,
				5840887589AD9E479A6CB533 /* Frameworks */,
			);
			sourceTree = "<group>";
		};
		A67EECAD210ACF9D0033B250 /* Products */ = {
			isa = PBXGroup;
			children = (
				A67EECAC210ACF9D0033B250 /* school.app */,
				A67EECC4210ACF9F0033B250 /* schoolTests.xctest */,
				A67EECCF210ACF9F0033B250 /* schoolUITests.xctest */,
			);
			name = Products;
			sourceTree = "<group>";
		};
		A67EECAE210ACF9D0033B250 /* school */ = {
			isa = PBXGroup;
			children = (
				A67EED3D210AF3F10033B250 /* Common */,
				A67EED17210AEB540033B250 /* Main */,
				A67EED13210ADCD60033B250 /* User */,
				A67EED02210ADBD50033B250 /* Localization */,
				A67EECFA210AD92A0033B250 /* Server */,
				A67EECEF210AD4B40033B250 /* Network */,
				A67EECE2210AD3400033B250 /* Category */,
				A67EECAF210ACF9D0033B250 /* AppDelegate.h */,
				A67EECB0210ACF9D0033B250 /* AppDelegate.m */,
				A67EECB8210ACF9F0033B250 /* Assets.xcassets */,
				A67EECBA210ACF9F0033B250 /* LaunchScreen.storyboard */,
				A67EECBD210ACF9F0033B250 /* Info.plist */,
				A67EECBE210ACF9F0033B250 /* main.m */,
				A67EECE1210AD2EF0033B250 /* PrefixHeader.pch */,
				A67EED00210ADAAE0033B250 /* CHECK_ME */,
			);
			path = school;
			sourceTree = "<group>";
		};
		A67EECC7210ACF9F0033B250 /* schoolTests */ = {
			isa = PBXGroup;
			children = (
				A67EECC8210ACF9F0033B250 /* schoolTests.m */,
				A67EECCA210ACF9F0033B250 /* Info.plist */,
			);
			path = schoolTests;
			sourceTree = "<group>";
		};
		A67EECD2210ACF9F0033B250 /* schoolUITests */ = {
			isa = PBXGroup;
			children = (
				A67EECD3210ACF9F0033B250 /* schoolUITests.m */,
				A67EECD5210ACF9F0033B250 /* Info.plist */,
			);
			path = schoolUITests;
			sourceTree = "<group>";
		};
		A67EECE2210AD3400033B250 /* Category */ = {
			isa = PBXGroup;
			children = (
				A67EECE3210AD35F0033B250 /* AppDelegate+SFRegister.h */,
				A67EECE4210AD35F0033B250 /* AppDelegate+SFRegister.m */,
				A67EECE6210AD36A0033B250 /* AppDelegate+SFSetup.h */,
				A67EECE7210AD36A0033B250 /* AppDelegate+SFSetup.m */,
				A67EECE9210AD37E0033B250 /* AppDelegate+SFNotify.h */,
				A67EECEA210AD37E0033B250 /* AppDelegate+SFNotify.m */,
			);
			path = Category;
			sourceTree = "<group>";
		};
		A67EECEF210AD4B40033B250 /* Network */ = {
			isa = PBXGroup;
			children = (
				A67EECF0210AD4BE0033B250 /* Http */,
			);
			path = Network;
			sourceTree = "<group>";
		};
		A67EECF0210AD4BE0033B250 /* Http */ = {
			isa = PBXGroup;
			children = (
				A67EECF1210AD4E70033B250 /* SFHttp.h */,
				A67EECF2210AD4E70033B250 /* SFHttp.m */,
				A67EECF4210AD5390033B250 /* SFHttpBaseService.h */,
				A67EECF5210AD5390033B250 /* SFHttpBaseService.m */,
				A67EECF7210AD7470033B250 /* SFHttpService.h */,
				A67EECF8210AD7470033B250 /* SFHttpService.m */,
			);
			path = Http;
			sourceTree = "<group>";
		};
		A67EECFA210AD92A0033B250 /* Server */ = {
			isa = PBXGroup;
			children = (
				A67EECFB210AD94A0033B250 /* server-info.plist */,
				A67EECFD210AD9BD0033B250 /* SFServer.h */,
				A67EECFE210AD9BD0033B250 /* SFServer.m */,
			);
			path = Server;
			sourceTree = "<group>";
		};
		A67EED02210ADBD50033B250 /* Localization */ = {
			isa = PBXGroup;
			children = (
				A67EED03210ADBED0033B250 /* langs */,
				A67EED0E210ADC440033B250 /* InfoPlist.strings */,
				A67EED10210ADC680033B250 /* SFLocalization.h */,
				A67EED11210ADC680033B250 /* SFLocalization.m */,
			);
			path = Localization;
			sourceTree = "<group>";
		};
		A67EED03210ADBED0033B250 /* langs */ = {
			isa = PBXGroup;
			children = (
				A67EED04210ADBF80033B250 /* en.strings */,
				A67EED06210ADC080033B250 /* zh-Hans.strings */,
			);
			path = langs;
			sourceTree = "<group>";
		};
		A67EED13210ADCD60033B250 /* User */ = {
			isa = PBXGroup;
			children = (
				A67EED14210ADCE70033B250 /* SFUser.h */,
				A67EED15210ADCE70033B250 /* SFUser.m */,
			);
			path = User;
			sourceTree = "<group>";
		};
		A67EED17210AEB540033B250 /* Main */ = {
			isa = PBXGroup;
			children = (
				A6D6DCB4210F0DF6005CBBBA /* Api */,
				A67EED38210AF2310033B250 /* Manager */,
				A67EED2D210AEEEF0033B250 /* App */,
				A67EED29210AEDCB0033B250 /* Root */,
				A67EED1F210AEBB80033B250 /* Common */,
				A67EED18210AEB5B0033B250 /* Base */,
			);
			path = Main;
			sourceTree = "<group>";
		};
		A67EED18210AEB5B0033B250 /* Base */ = {
			isa = PBXGroup;
			children = (
				A67EED19210AEB740033B250 /* SFBaseViewController.h */,
				A67EED1A210AEB740033B250 /* SFBaseViewController.m */,
				A67EED1C210AEB880033B250 /* SFBaseNavigationController.h */,
				A67EED1D210AEB880033B250 /* SFBaseNavigationController.m */,
			);
			path = Base;
			sourceTree = "<group>";
		};
		A67EED1F210AEBB80033B250 /* Common */ = {
			isa = PBXGroup;
			children = (
				A67EED20210AEBCB0033B250 /* SFTableView.h */,
				A67EED21210AEBCB0033B250 /* SFTableView.m */,
				A67EED23210AEBE60033B250 /* SFTableViewCell.h */,
				A67EED24210AEBE60033B250 /* SFTableViewCell.m */,
				A67EED26210AEC180033B250 /* SFBarButtonItem.h */,
				A67EED27210AEC180033B250 /* SFBarButtonItem.m */,
			);
			path = Common;
			sourceTree = "<group>";
		};
		A67EED29210AEDCB0033B250 /* Root */ = {
			isa = PBXGroup;
			children = (
				A67EED2A210AEDEB0033B250 /* SFTabBarController.h */,
				A67EED2B210AEDEB0033B250 /* SFTabBarController.m */,
				A67EED35210AF1350033B250 /* SFNavigationController.h */,
				A67EED36210AF1350033B250 /* SFNavigationController.m */,
			);
			path = Root;
			sourceTree = "<group>";
		};
		A67EED2D210AEEEF0033B250 /* App */ = {
			isa = PBXGroup;
			children = (
				A6D6DCC1210F256C005CBBBA /* View */,
				A67EED2E210AEF030033B250 /* Controller */,
			);
			path = App;
			sourceTree = "<group>";
		};
		A67EED2E210AEF030033B250 /* Controller */ = {
			isa = PBXGroup;
			children = (
				A67EED2F210AEF200033B250 /* SFHomeViewController.h */,
				A67EED30210AEF200033B250 /* SFHomeViewController.m */,
				A67EED32210AEF2B0033B250 /* SFMineViewController.h */,
				A67EED33210AEF2B0033B250 /* SFMineViewController.m */,
				A6D6DCAE210F0C5E005CBBBA /* SFSelectSchoolTypeViewController.h */,
				A6D6DCAF210F0C5E005CBBBA /* SFSelectSchoolTypeViewController.m */,
				A6D6DCB1210F0C69005CBBBA /* SFSelectSchoolViewController.h */,
				A6D6DCB2210F0C69005CBBBA /* SFSelectSchoolViewController.m */,
				A6D6DCBE210F246D005CBBBA /* SFMineSettingViewController.h */,
				A6D6DCBF210F246D005CBBBA /* SFMineSettingViewController.m */,
				A6D6DCC2210F2584005CBBBA /* SFLoginViewController.h */,
				A6D6DCC3210F2584005CBBBA /* SFLoginViewController.m */,
			);
			path = Controller;
			sourceTree = "<group>";
		};
		A67EED38210AF2310033B250 /* Manager */ = {
			isa = PBXGroup;
			children = (
				A67EED39210AF2460033B250 /* SFAppManager.h */,
				A67EED3A210AF2460033B250 /* SFAppManager.m */,
			);
			path = Manager;
			sourceTree = "<group>";
		};
		A67EED3D210AF3F10033B250 /* Common */ = {
			isa = PBXGroup;
			children = (
				A67EED3E210AF4010033B250 /* SFCommon.h */,
				A67EED3F210AF4010033B250 /* SFCommon.m */,
				A67EED41210AF4500033B250 /* SFPath.h */,
				A67EED42210AF4500033B250 /* SFPath.m */,
				A67EED44210AF8290033B250 /* SFNotice.h */,
				A67EED45210AF8290033B250 /* SFNotice.m */,
			);
			path = Common;
			sourceTree = "<group>";
		};
		A6D6DCB4210F0DF6005CBBBA /* Api */ = {
			isa = PBXGroup;
			children = (
				A6D6DCB5210F0E1E005CBBBA /* SFHttpApiGetSchoolType.h */,
				A6D6DCB6210F0E1E005CBBBA /* SFHttpApiGetSchoolType.m */,
				A6D6DCB8210F0F95005CBBBA /* SFHttpApiGetSchool.h */,
				A6D6DCB9210F0F95005CBBBA /* SFHttpApiGetSchool.m */,
				A6D6DCC5210F296F005CBBBA /* SFHttpApiGetHome.h */,
				A6D6DCC6210F296F005CBBBA /* SFHttpApiGetHome.m */,
			);
			path = Api;
			sourceTree = "<group>";
		};
		A6D6DCC1210F256C005CBBBA /* View */ = {
			isa = PBXGroup;
			children = (
				A6D6DCBB210F1F0B005CBBBA /* SFMineHeadView.h */,
				A6D6DCBC210F1F0B005CBBBA /* SFMineHeadView.m */,
			);
			path = View;
			sourceTree = "<group>";
		};
/* End PBXGroup section */

/* Begin PBXNativeTarget section */
		A67EECAB210ACF9D0033B250 /* school */ = {
			isa = PBXNativeTarget;
			buildConfigurationList = A67EECD8210ACF9F0033B250 /* Build configuration list for PBXNativeTarget "school" */;
			buildPhases = (
				09F4EA223B59BB7E93935FD7 /* [CP] Check Pods Manifest.lock */,
				A67EECA8210ACF9D0033B250 /* Sources */,
				A67EECA9210ACF9D0033B250 /* Frameworks */,
				A67EECAA210ACF9D0033B250 /* Resources */,
				9ED798CEC9CC265B844E51BA /* [CP] Copy Pods Resources */,
			);
			buildRules = (
			);
			dependencies = (
			);
			name = school;
			productName = school;
			productReference = A67EECAC210ACF9D0033B250 /* school.app */;
			productType = "com.apple.product-type.application";
		};
		A67EECC3210ACF9F0033B250 /* schoolTests */ = {
			isa = PBXNativeTarget;
			buildConfigurationList = A67EECDB210ACF9F0033B250 /* Build configuration list for PBXNativeTarget "schoolTests" */;
			buildPhases = (
				A67EECC0210ACF9F0033B250 /* Sources */,
				A67EECC1210ACF9F0033B250 /* Frameworks */,
				A67EECC2210ACF9F0033B250 /* Resources */,
			);
			buildRules = (
			);
			dependencies = (
				A67EECC6210ACF9F0033B250 /* PBXTargetDependency */,
			);
			name = schoolTests;
			productName = schoolTests;
			productReference = A67EECC4210ACF9F0033B250 /* schoolTests.xctest */;
			productType = "com.apple.product-type.bundle.unit-test";
		};
		A67EECCE210ACF9F0033B250 /* schoolUITests */ = {
			isa = PBXNativeTarget;
			buildConfigurationList = A67EECDE210ACF9F0033B250 /* Build configuration list for PBXNativeTarget "schoolUITests" */;
			buildPhases = (
				A67EECCB210ACF9F0033B250 /* Sources */,
				A67EECCC210ACF9F0033B250 /* Frameworks */,
				A67EECCD210ACF9F0033B250 /* Resources */,
			);
			buildRules = (
			);
			dependencies = (
				A67EECD1210ACF9F0033B250 /* PBXTargetDependency */,
			);
			name = schoolUITests;
			productName = schoolUITests;
			productReference = A67EECCF210ACF9F0033B250 /* schoolUITests.xctest */;
			productType = "com.apple.product-type.bundle.ui-testing";
		};
/* End PBXNativeTarget section */

/* Begin PBXProject section */
		A67EECA4210ACF9D0033B250 /* Project object */ = {
			isa = PBXProject;
			attributes = {
				LastUpgradeCheck = 0940;
				ORGANIZATIONNAME = rl;
				TargetAttributes = {
					A67EECAB210ACF9D0033B250 = {
						CreatedOnToolsVersion = 9.4.1;
					};
					A67EECC3210ACF9F0033B250 = {
						CreatedOnToolsVersion = 9.4.1;
						TestTargetID = A67EECAB210ACF9D0033B250;
					};
					A67EECCE210ACF9F0033B250 = {
						CreatedOnToolsVersion = 9.4.1;
						TestTargetID = A67EECAB210ACF9D0033B250;
					};
				};
			};
			buildConfigurationList = A67EECA7210ACF9D0033B250 /* Build configuration list for PBXProject "school" */;
			compatibilityVersion = "Xcode 9.3";
			developmentRegion = en;
			hasScannedForEncodings = 0;
			knownRegions = (
				en,
				Base,
				"zh-Hans",
			);
			mainGroup = A67EECA3210ACF9D0033B250;
			productRefGroup = A67EECAD210ACF9D0033B250 /* Products */;
			projectDirPath = "";
			projectRoot = "";
			targets = (
				A67EECAB210ACF9D0033B250 /* school */,
				A67EECC3210ACF9F0033B250 /* schoolTests */,
				A67EECCE210ACF9F0033B250 /* schoolUITests */,
			);
		};
/* End PBXProject section */

/* Begin PBXResourcesBuildPhase section */
		A67EECAA210ACF9D0033B250 /* Resources */ = {
			isa = PBXResourcesBuildPhase;
			buildActionMask = 2147483647;
			files = (
				A67EED07210ADC080033B250 /* zh-Hans.strings in Resources */,
				A67EED0C210ADC440033B250 /* InfoPlist.strings in Resources */,
				A67EECFC210AD94A0033B250 /* server-info.plist in Resources */,
				A67EECBC210ACF9F0033B250 /* LaunchScreen.storyboard in Resources */,
				A67EECB9210ACF9F0033B250 /* Assets.xcassets in Resources */,
				A67EED01210ADAAE0033B250 /* CHECK_ME in Resources */,
				A67EED05210ADBF80033B250 /* en.strings in Resources */,
			);
			runOnlyForDeploymentPostprocessing = 0;
		};
		A67EECC2210ACF9F0033B250 /* Resources */ = {
			isa = PBXResourcesBuildPhase;
			buildActionMask = 2147483647;
			files = (
			);
			runOnlyForDeploymentPostprocessing = 0;
		};
		A67EECCD210ACF9F0033B250 /* Resources */ = {
			isa = PBXResourcesBuildPhase;
			buildActionMask = 2147483647;
			files = (
			);
			runOnlyForDeploymentPostprocessing = 0;
		};
/* End PBXResourcesBuildPhase section */

/* Begin PBXShellScriptBuildPhase section */
		09F4EA223B59BB7E93935FD7 /* [CP] Check Pods Manifest.lock */ = {
			isa = PBXShellScriptBuildPhase;
			buildActionMask = 2147483647;
			files = (
			);
			inputPaths = (
				"${PODS_PODFILE_DIR_PATH}/Podfile.lock",
				"${PODS_ROOT}/Manifest.lock",
			);
			name = "[CP] Check Pods Manifest.lock";
			outputPaths = (
				"$(DERIVED_FILE_DIR)/Pods-school-checkManifestLockResult.txt",
			);
			runOnlyForDeploymentPostprocessing = 0;
			shellPath = /bin/sh;
			shellScript = "diff \"${PODS_PODFILE_DIR_PATH}/Podfile.lock\" \"${PODS_ROOT}/Manifest.lock\" > /dev/null\nif [ $? != 0 ] ; then\n    # print error to STDERR\n    echo \"error: The sandbox is not in sync with the Podfile.lock. Run 'pod install' or update your CocoaPods installation.\" >&2\n    exit 1\nfi\n# This output is used by Xcode 'outputs' to avoid re-running this script phase.\necho \"SUCCESS\" > \"${SCRIPT_OUTPUT_FILE_0}\"\n";
			showEnvVarsInLog = 0;
		};
		9ED798CEC9CC265B844E51BA /* [CP] Copy Pods Resources */ = {
			isa = PBXShellScriptBuildPhase;
			buildActionMask = 2147483647;
			files = (
			);
			inputPaths = (
				"${SRCROOT}/Pods/Target Support Files/Pods-school/Pods-school-resources.sh",
				"${PODS_ROOT}/MJRefresh/MJRefresh/MJRefresh.bundle",
				"${PODS_ROOT}/TSMessages/Pod/Assets/NotificationBackgroundError.png",
				"${PODS_ROOT}/TSMessages/Pod/Assets/NotificationBackgroundError@2x.png",
				"${PODS_ROOT}/TSMessages/Pod/Assets/NotificationBackgroundErrorIcon.png",
				"${PODS_ROOT}/TSMessages/Pod/Assets/NotificationBackgroundErrorIcon@2x.png",
				"${PODS_ROOT}/TSMessages/Pod/Assets/NotificationBackgroundMessage.png",
				"${PODS_ROOT}/TSMessages/Pod/Assets/NotificationBackgroundMessage@2x.png",
				"${PODS_ROOT}/TSMessages/Pod/Assets/NotificationBackgroundSuccess.png",
				"${PODS_ROOT}/TSMessages/Pod/Assets/NotificationBackgroundSuccess@2x.png",
				"${PODS_ROOT}/TSMessages/Pod/Assets/NotificationBackgroundSuccessIcon.png",
				"${PODS_ROOT}/TSMessages/Pod/Assets/NotificationBackgroundSuccessIcon@2x.png",
				"${PODS_ROOT}/TSMessages/Pod/Assets/NotificationBackgroundWarning.png",
				"${PODS_ROOT}/TSMessages/Pod/Assets/NotificationBackgroundWarning@2x.png",
				"${PODS_ROOT}/TSMessages/Pod/Assets/NotificationBackgroundWarningIcon.png",
				"${PODS_ROOT}/TSMessages/Pod/Assets/NotificationBackgroundWarningIcon@2x.png",
				"${PODS_ROOT}/TSMessages/Pod/Assets/NotificationButtonBackground.png",
				"${PODS_ROOT}/TSMessages/Pod/Assets/NotificationButtonBackground@2x.png",
				"${PODS_ROOT}/TSMessages/Pod/Assets/TSMessagesDefaultDesign.json",
			);
			name = "[CP] Copy Pods Resources";
			outputPaths = (
				"${TARGET_BUILD_DIR}/${UNLOCALIZED_RESOURCES_FOLDER_PATH}/MJRefresh.bundle",
				"${TARGET_BUILD_DIR}/${UNLOCALIZED_RESOURCES_FOLDER_PATH}/NotificationBackgroundError.png",
				"${TARGET_BUILD_DIR}/${UNLOCALIZED_RESOURCES_FOLDER_PATH}/NotificationBackgroundError@2x.png",
				"${TARGET_BUILD_DIR}/${UNLOCALIZED_RESOURCES_FOLDER_PATH}/NotificationBackgroundErrorIcon.png",
				"${TARGET_BUILD_DIR}/${UNLOCALIZED_RESOURCES_FOLDER_PATH}/NotificationBackgroundErrorIcon@2x.png",
				"${TARGET_BUILD_DIR}/${UNLOCALIZED_RESOURCES_FOLDER_PATH}/NotificationBackgroundMessage.png",
				"${TARGET_BUILD_DIR}/${UNLOCALIZED_RESOURCES_FOLDER_PATH}/NotificationBackgroundMessage@2x.png",
				"${TARGET_BUILD_DIR}/${UNLOCALIZED_RESOURCES_FOLDER_PATH}/NotificationBackgroundSuccess.png",
				"${TARGET_BUILD_DIR}/${UNLOCALIZED_RESOURCES_FOLDER_PATH}/NotificationBackgroundSuccess@2x.png",
				"${TARGET_BUILD_DIR}/${UNLOCALIZED_RESOURCES_FOLDER_PATH}/NotificationBackgroundSuccessIcon.png",
				"${TARGET_BUILD_DIR}/${UNLOCALIZED_RESOURCES_FOLDER_PATH}/NotificationBackgroundSuccessIcon@2x.png",
				"${TARGET_BUILD_DIR}/${UNLOCALIZED_RESOURCES_FOLDER_PATH}/NotificationBackgroundWarning.png",
				"${TARGET_BUILD_DIR}/${UNLOCALIZED_RESOURCES_FOLDER_PATH}/NotificationBackgroundWarning@2x.png",
				"${TARGET_BUILD_DIR}/${UNLOCALIZED_RESOURCES_FOLDER_PATH}/NotificationBackgroundWarningIcon.png",
				"${TARGET_BUILD_DIR}/${UNLOCALIZED_RESOURCES_FOLDER_PATH}/NotificationBackgroundWarningIcon@2x.png",
				"${TARGET_BUILD_DIR}/${UNLOCALIZED_RESOURCES_FOLDER_PATH}/NotificationButtonBackground.png",
				"${TARGET_BUILD_DIR}/${UNLOCALIZED_RESOURCES_FOLDER_PATH}/NotificationButtonBackground@2x.png",
				"${TARGET_BUILD_DIR}/${UNLOCALIZED_RESOURCES_FOLDER_PATH}/TSMessagesDefaultDesign.json",
			);
			runOnlyForDeploymentPostprocessing = 0;
			shellPath = /bin/sh;
			shellScript = "\"${SRCROOT}/Pods/Target Support Files/Pods-school/Pods-school-resources.sh\"\n";
			showEnvVarsInLog = 0;
		};
/* End PBXShellScriptBuildPhase section */

/* Begin PBXSourcesBuildPhase section */
		A67EECA8210ACF9D0033B250 /* Sources */ = {
			isa = PBXSourcesBuildPhase;
			buildActionMask = 2147483647;
			files = (
				A6D6DCB0210F0C5E005CBBBA /* SFSelectSchoolTypeViewController.m in Sources */,
				A67EED1B210AEB740033B250 /* SFBaseViewController.m in Sources */,
				A67EECF3210AD4E70033B250 /* SFHttp.m in Sources */,
				A6D6DCC0210F246D005CBBBA /* SFMineSettingViewController.m in Sources */,
				A6D6DCB3210F0C69005CBBBA /* SFSelectSchoolViewController.m in Sources */,
				A67EECFF210AD9BD0033B250 /* SFServer.m in Sources */,
				A67EED46210AF8290033B250 /* SFNotice.m in Sources */,
				A6D6DCBA210F0F95005CBBBA /* SFHttpApiGetSchool.m in Sources */,
				A67EECBF210ACF9F0033B250 /* main.m in Sources */,
				A6D6DCC7210F296F005CBBBA /* SFHttpApiGetHome.m in Sources */,
				A67EECEB210AD37E0033B250 /* AppDelegate+SFNotify.m in Sources */,
				A67EED40210AF4010033B250 /* SFCommon.m in Sources */,
				A6D6DCC4210F2584005CBBBA /* SFLoginViewController.m in Sources */,
				A67EED3B210AF2460033B250 /* SFAppManager.m in Sources */,
				A67EED28210AEC180033B250 /* SFBarButtonItem.m in Sources */,
				A6D6DCBD210F1F0B005CBBBA /* SFMineHeadView.m in Sources */,
				A67EED1E210AEB880033B250 /* SFBaseNavigationController.m in Sources */,
				A67EED22210AEBCB0033B250 /* SFTableView.m in Sources */,
				A67EECE8210AD36A0033B250 /* AppDelegate+SFSetup.m in Sources */,
				A6D6DCB7210F0E1E005CBBBA /* SFHttpApiGetSchoolType.m in Sources */,
				A67EED16210ADCE70033B250 /* SFUser.m in Sources */,
				A67EED31210AEF200033B250 /* SFHomeViewController.m in Sources */,
				A67EED34210AEF2B0033B250 /* SFMineViewController.m in Sources */,
				A67EED37210AF1350033B250 /* SFNavigationController.m in Sources */,
				A67EED2C210AEDEB0033B250 /* SFTabBarController.m in Sources */,
				A67EECF9210AD7470033B250 /* SFHttpService.m in Sources */,
				A67EED43210AF4500033B250 /* SFPath.m in Sources */,
				A67EED12210ADC680033B250 /* SFLocalization.m in Sources */,
				A67EECF6210AD5390033B250 /* SFHttpBaseService.m in Sources */,
				A67EECB1210ACF9D0033B250 /* AppDelegate.m in Sources */,
				A67EECE5210AD35F0033B250 /* AppDelegate+SFRegister.m in Sources */,
				A67EED25210AEBE60033B250 /* SFTableViewCell.m in Sources */,
			);
			runOnlyForDeploymentPostprocessing = 0;
		};
		A67EECC0210ACF9F0033B250 /* Sources */ = {
			isa = PBXSourcesBuildPhase;
			buildActionMask = 2147483647;
			files = (
				A67EECC9210ACF9F0033B250 /* schoolTests.m in Sources */,
			);
			runOnlyForDeploymentPostprocessing = 0;
		};
		A67EECCB210ACF9F0033B250 /* Sources */ = {
			isa = PBXSourcesBuildPhase;
			buildActionMask = 2147483647;
			files = (
				A67EECD4210ACF9F0033B250 /* schoolUITests.m in Sources */,
			);
			runOnlyForDeploymentPostprocessing = 0;
		};
/* End PBXSourcesBuildPhase section */

/* Begin PBXTargetDependency section */
		A67EECC6210ACF9F0033B250 /* PBXTargetDependency */ = {
			isa = PBXTargetDependency;
			target = A67EECAB210ACF9D0033B250 /* school */;
			targetProxy = A67EECC5210ACF9F0033B250 /* PBXContainerItemProxy */;
		};
		A67EECD1210ACF9F0033B250 /* PBXTargetDependency */ = {
			isa = PBXTargetDependency;
			target = A67EECAB210ACF9D0033B250 /* school */;
			targetProxy = A67EECD0210ACF9F0033B250 /* PBXContainerItemProxy */;
		};
/* End PBXTargetDependency section */

/* Begin PBXVariantGroup section */
		A67EECBA210ACF9F0033B250 /* LaunchScreen.storyboard */ = {
			isa = PBXVariantGroup;
			children = (
				A67EECBB210ACF9F0033B250 /* Base */,
				A67EECEC210AD48B0033B250 /* zh-Hans */,
				A67EECEE210AD49B0033B250 /* en */,
			);
			name = LaunchScreen.storyboard;
			sourceTree = "<group>";
		};
		A67EED0E210ADC440033B250 /* InfoPlist.strings */ = {
			isa = PBXVariantGroup;
			children = (
				A67EED0D210ADC440033B250 /* en */,
				A67EED0F210ADC460033B250 /* zh-Hans */,
			);
			name = InfoPlist.strings;
			sourceTree = "<group>";
		};
/* End PBXVariantGroup section */

/* Begin XCBuildConfiguration section */
		A67EECD6210ACF9F0033B250 /* Debug */ = {
			isa = XCBuildConfiguration;
			buildSettings = {
				ALWAYS_SEARCH_USER_PATHS = NO;
				CLANG_ANALYZER_LOCALIZABILITY_NONLOCALIZED = YES;
				CLANG_ANALYZER_NONNULL = YES;
				CLANG_ANALYZER_NUMBER_OBJECT_CONVERSION = YES_AGGRESSIVE;
				CLANG_CXX_LANGUAGE_STANDARD = "gnu++14";
				CLANG_CXX_LIBRARY = "libc++";
				CLANG_ENABLE_MODULES = YES;
				CLANG_ENABLE_OBJC_ARC = YES;
				CLANG_ENABLE_OBJC_WEAK = YES;
				CLANG_WARN_BLOCK_CAPTURE_AUTORELEASING = YES;
				CLANG_WARN_BOOL_CONVERSION = YES;
				CLANG_WARN_COMMA = YES;
				CLANG_WARN_CONSTANT_CONVERSION = YES;
				CLANG_WARN_DEPRECATED_OBJC_IMPLEMENTATIONS = YES;
				CLANG_WARN_DIRECT_OBJC_ISA_USAGE = YES_ERROR;
				CLANG_WARN_DOCUMENTATION_COMMENTS = YES;
				CLANG_WARN_EMPTY_BODY = YES;
				CLANG_WARN_ENUM_CONVERSION = YES;
				CLANG_WARN_INFINITE_RECURSION = YES;
				CLANG_WARN_INT_CONVERSION = YES;
				CLANG_WARN_NON_LITERAL_NULL_CONVERSION = YES;
				CLANG_WARN_OBJC_IMPLICIT_RETAIN_SELF = YES;
				CLANG_WARN_OBJC_LITERAL_CONVERSION = YES;
				CLANG_WARN_OBJC_ROOT_CLASS = YES_ERROR;
				CLANG_WARN_RANGE_LOOP_ANALYSIS = YES;
				CLANG_WARN_STRICT_PROTOTYPES = YES;
				CLANG_WARN_SUSPICIOUS_MOVE = YES;
				CLANG_WARN_UNGUARDED_AVAILABILITY = YES_AGGRESSIVE;
				CLANG_WARN_UNREACHABLE_CODE = YES;
				CLANG_WARN__DUPLICATE_METHOD_MATCH = YES;
				CODE_SIGN_IDENTITY = "iPhone Developer";
				COPY_PHASE_STRIP = NO;
				DEBUG_INFORMATION_FORMAT = dwarf;
				ENABLE_STRICT_OBJC_MSGSEND = YES;
				ENABLE_TESTABILITY = YES;
				GCC_C_LANGUAGE_STANDARD = gnu11;
				GCC_DYNAMIC_NO_PIC = NO;
				GCC_NO_COMMON_BLOCKS = YES;
				GCC_OPTIMIZATION_LEVEL = 0;
				GCC_PREPROCESSOR_DEFINITIONS = (
					"DEBUG=1",
					"$(inherited)",
				);
				GCC_WARN_64_TO_32_BIT_CONVERSION = YES;
				GCC_WARN_ABOUT_RETURN_TYPE = YES_ERROR;
				GCC_WARN_UNDECLARED_SELECTOR = YES;
				GCC_WARN_UNINITIALIZED_AUTOS = YES_AGGRESSIVE;
				GCC_WARN_UNUSED_FUNCTION = YES;
				GCC_WARN_UNUSED_VARIABLE = YES;
				IPHONEOS_DEPLOYMENT_TARGET = 11.4;
				MTL_ENABLE_DEBUG_INFO = YES;
				ONLY_ACTIVE_ARCH = YES;
				SDKROOT = iphoneos;
			};
			name = Debug;
		};
		A67EECD7210ACF9F0033B250 /* Release */ = {
			isa = XCBuildConfiguration;
			buildSettings = {
				ALWAYS_SEARCH_USER_PATHS = NO;
				CLANG_ANALYZER_LOCALIZABILITY_NONLOCALIZED = YES;
				CLANG_ANALYZER_NONNULL = YES;
				CLANG_ANALYZER_NUMBER_OBJECT_CONVERSION = YES_AGGRESSIVE;
				CLANG_CXX_LANGUAGE_STANDARD = "gnu++14";
				CLANG_CXX_LIBRARY = "libc++";
				CLANG_ENABLE_MODULES = YES;
				CLANG_ENABLE_OBJC_ARC = YES;
				CLANG_ENABLE_OBJC_WEAK = YES;
				CLANG_WARN_BLOCK_CAPTURE_AUTORELEASING = YES;
				CLANG_WARN_BOOL_CONVERSION = YES;
				CLANG_WARN_COMMA = YES;
				CLANG_WARN_CONSTANT_CONVERSION = YES;
				CLANG_WARN_DEPRECATED_OBJC_IMPLEMENTATIONS = YES;
				CLANG_WARN_DIRECT_OBJC_ISA_USAGE = YES_ERROR;
				CLANG_WARN_DOCUMENTATION_COMMENTS = YES;
				CLANG_WARN_EMPTY_BODY = YES;
				CLANG_WARN_ENUM_CONVERSION = YES;
				CLANG_WARN_INFINITE_RECURSION = YES;
				CLANG_WARN_INT_CONVERSION = YES;
				CLANG_WARN_NON_LITERAL_NULL_CONVERSION = YES;
				CLANG_WARN_OBJC_IMPLICIT_RETAIN_SELF = YES;
				CLANG_WARN_OBJC_LITERAL_CONVERSION = YES;
				CLANG_WARN_OBJC_ROOT_CLASS = YES_ERROR;
				CLANG_WARN_RANGE_LOOP_ANALYSIS = YES;
				CLANG_WARN_STRICT_PROTOTYPES = YES;
				CLANG_WARN_SUSPICIOUS_MOVE = YES;
				CLANG_WARN_UNGUARDED_AVAILABILITY = YES_AGGRESSIVE;
				CLANG_WARN_UNREACHABLE_CODE = YES;
				CLANG_WARN__DUPLICATE_METHOD_MATCH = YES;
				CODE_SIGN_IDENTITY = "iPhone Developer";
				COPY_PHASE_STRIP = NO;
				DEBUG_INFORMATION_FORMAT = "dwarf-with-dsym";
				ENABLE_NS_ASSERTIONS = NO;
				ENABLE_STRICT_OBJC_MSGSEND = YES;
				GCC_C_LANGUAGE_STANDARD = gnu11;
				GCC_NO_COMMON_BLOCKS = YES;
				GCC_WARN_64_TO_32_BIT_CONVERSION = YES;
				GCC_WARN_ABOUT_RETURN_TYPE = YES_ERROR;
				GCC_WARN_UNDECLARED_SELECTOR = YES;
				GCC_WARN_UNINITIALIZED_AUTOS = YES_AGGRESSIVE;
				GCC_WARN_UNUSED_FUNCTION = YES;
				GCC_WARN_UNUSED_VARIABLE = YES;
				IPHONEOS_DEPLOYMENT_TARGET = 11.4;
				MTL_ENABLE_DEBUG_INFO = NO;
				SDKROOT = iphoneos;
				VALIDATE_PRODUCT = YES;
			};
			name = Release;
		};
		A67EECD9210ACF9F0033B250 /* Debug */ = {
			isa = XCBuildConfiguration;
			baseConfigurationReference = 8445B65C2FB0E79EFC188BED /* Pods-school.debug.xcconfig */;
			buildSettings = {
				ASSETCATALOG_COMPILER_APPICON_NAME = AppIcon;
				CODE_SIGN_STYLE = Automatic;
				DEVELOPMENT_TEAM = QLJDHZGYZX;
				GCC_PRECOMPILE_PREFIX_HEADER = YES;
				GCC_PREFIX_HEADER = "${SRCROOT}/school/PrefixHeader.pch";
				INFOPLIST_FILE = school/Info.plist;
				LD_RUNPATH_SEARCH_PATHS = (
					"$(inherited)",
					"@executable_path/Frameworks",
				);
				PRODUCT_BUNDLE_IDENTIFIER = com.rl.school;
				PRODUCT_NAME = "$(TARGET_NAME)";
				TARGETED_DEVICE_FAMILY = "1,2";
			};
			name = Debug;
		};
		A67EECDA210ACF9F0033B250 /* Release */ = {
			isa = XCBuildConfiguration;
			baseConfigurationReference = 64165E69688A696D3E02C12A /* Pods-school.release.xcconfig */;
			buildSettings = {
				ASSETCATALOG_COMPILER_APPICON_NAME = AppIcon;
				CODE_SIGN_STYLE = Automatic;
				DEVELOPMENT_TEAM = QLJDHZGYZX;
				GCC_PRECOMPILE_PREFIX_HEADER = YES;
				GCC_PREFIX_HEADER = "${SRCROOT}/school/PrefixHeader.pch";
				INFOPLIST_FILE = school/Info.plist;
				LD_RUNPATH_SEARCH_PATHS = (
					"$(inherited)",
					"@executable_path/Frameworks",
				);
				PRODUCT_BUNDLE_IDENTIFIER = com.rl.school;
				PRODUCT_NAME = "$(TARGET_NAME)";
				TARGETED_DEVICE_FAMILY = "1,2";
			};
			name = Release;
		};
		A67EECDC210ACF9F0033B250 /* Debug */ = {
			isa = XCBuildConfiguration;
			buildSettings = {
				BUNDLE_LOADER = "$(TEST_HOST)";
				CODE_SIGN_STYLE = Automatic;
				DEVELOPMENT_TEAM = QLJDHZGYZX;
				INFOPLIST_FILE = schoolTests/Info.plist;
				LD_RUNPATH_SEARCH_PATHS = (
					"$(inherited)",
					"@executable_path/Frameworks",
					"@loader_path/Frameworks",
				);
				PRODUCT_BUNDLE_IDENTIFIER = com.rl.schoolTests;
				PRODUCT_NAME = "$(TARGET_NAME)";
				TARGETED_DEVICE_FAMILY = "1,2";
				TEST_HOST = "$(BUILT_PRODUCTS_DIR)/school.app/school";
			};
			name = Debug;
		};
		A67EECDD210ACF9F0033B250 /* Release */ = {
			isa = XCBuildConfiguration;
			buildSettings = {
				BUNDLE_LOADER = "$(TEST_HOST)";
				CODE_SIGN_STYLE = Automatic;
				DEVELOPMENT_TEAM = QLJDHZGYZX;
				INFOPLIST_FILE = schoolTests/Info.plist;
				LD_RUNPATH_SEARCH_PATHS = (
					"$(inherited)",
					"@executable_path/Frameworks",
					"@loader_path/Frameworks",
				);
				PRODUCT_BUNDLE_IDENTIFIER = com.rl.schoolTests;
				PRODUCT_NAME = "$(TARGET_NAME)";
				TARGETED_DEVICE_FAMILY = "1,2";
				TEST_HOST = "$(BUILT_PRODUCTS_DIR)/school.app/school";
			};
			name = Release;
		};
		A67EECDF210ACF9F0033B250 /* Debug */ = {
			isa = XCBuildConfiguration;
			buildSettings = {
				CODE_SIGN_STYLE = Automatic;
				DEVELOPMENT_TEAM = QLJDHZGYZX;
				INFOPLIST_FILE = schoolUITests/Info.plist;
				LD_RUNPATH_SEARCH_PATHS = (
					"$(inherited)",
					"@executable_path/Frameworks",
					"@loader_path/Frameworks",
				);
				PRODUCT_BUNDLE_IDENTIFIER = com.rl.schoolUITests;
				PRODUCT_NAME = "$(TARGET_NAME)";
				TARGETED_DEVICE_FAMILY = "1,2";
				TEST_TARGET_NAME = school;
			};
			name = Debug;
		};
		A67EECE0210ACF9F0033B250 /* Release */ = {
			isa = XCBuildConfiguration;
			buildSettings = {
				CODE_SIGN_STYLE = Automatic;
				DEVELOPMENT_TEAM = QLJDHZGYZX;
				INFOPLIST_FILE = schoolUITests/Info.plist;
				LD_RUNPATH_SEARCH_PATHS = (
					"$(inherited)",
					"@executable_path/Frameworks",
					"@loader_path/Frameworks",
				);
				PRODUCT_BUNDLE_IDENTIFIER = com.rl.schoolUITests;
				PRODUCT_NAME = "$(TARGET_NAME)";
				TARGETED_DEVICE_FAMILY = "1,2";
				TEST_TARGET_NAME = school;
			};
			name = Release;
		};
/* End XCBuildConfiguration section */

/* Begin XCConfigurationList section */
		A67EECA7210ACF9D0033B250 /* Build configuration list for PBXProject "school" */ = {
			isa = XCConfigurationList;
			buildConfigurations = (
				A67EECD6210ACF9F0033B250 /* Debug */,
				A67EECD7210ACF9F0033B250 /* Release */,
			);
			defaultConfigurationIsVisible = 0;
			defaultConfigurationName = Release;
		};
		A67EECD8210ACF9F0033B250 /* Build configuration list for PBXNativeTarget "school" */ = {
			isa = XCConfigurationList;
			buildConfigurations = (
				A67EECD9210ACF9F0033B250 /* Debug */,
				A67EECDA210ACF9F0033B250 /* Release */,
			);
			defaultConfigurationIsVisible = 0;
			defaultConfigurationName = Release;
		};
		A67EECDB210ACF9F0033B250 /* Build configuration list for PBXNativeTarget "schoolTests" */ = {
			isa = XCConfigurationList;
			buildConfigurations = (
				A67EECDC210ACF9F0033B250 /* Debug */,
				A67EECDD210ACF9F0033B250 /* Release */,
			);
			defaultConfigurationIsVisible = 0;
			defaultConfigurationName = Release;
		};
		A67EECDE210ACF9F0033B250 /* Build configuration list for PBXNativeTarget "schoolUITests" */ = {
			isa = XCConfigurationList;
			buildConfigurations = (
				A67EECDF210ACF9F0033B250 /* Debug */,
				A67EECE0210ACF9F0033B250 /* Release */,
			);
			defaultConfigurationIsVisible = 0;
			defaultConfigurationName = Release;
		};
/* End XCConfigurationList section */
	};
	rootObject = A67EECA4210ACF9D0033B250 /* Project object */;
}
